// !$*UTF8*$!
{
	archiveVersion = 1;
	classes = {
	};
	objectVersion = 50;
	objects = {

/* Begin PBXBuildFile section */
		E86450DA2433BC2E00E3B4C9 /* TapApplePayKit_iOS.h in Headers */ = {isa = PBXBuildFile; fileRef = E86450D82433BC2E00E3B4C9 /* TapApplePayKit_iOS.h */; settings = {ATTRIBUTES = (Public, ); }; };
		E86450E72433BC6300E3B4C9 /* AppDelegate.swift in Sources */ = {isa = PBXBuildFile; fileRef = E86450E62433BC6300E3B4C9 /* AppDelegate.swift */; };
		E86450E92433BC6300E3B4C9 /* SceneDelegate.swift in Sources */ = {isa = PBXBuildFile; fileRef = E86450E82433BC6300E3B4C9 /* SceneDelegate.swift */; };
		E86450EB2433BC6300E3B4C9 /* ViewController.swift in Sources */ = {isa = PBXBuildFile; fileRef = E86450EA2433BC6300E3B4C9 /* ViewController.swift */; };
		E86450EE2433BC6300E3B4C9 /* Main.storyboard in Resources */ = {isa = PBXBuildFile; fileRef = E86450EC2433BC6300E3B4C9 /* Main.storyboard */; };
		E86450F02433BC6400E3B4C9 /* Assets.xcassets in Resources */ = {isa = PBXBuildFile; fileRef = E86450EF2433BC6400E3B4C9 /* Assets.xcassets */; };
		E86450F32433BC6400E3B4C9 /* LaunchScreen.storyboard in Resources */ = {isa = PBXBuildFile; fileRef = E86450F12433BC6400E3B4C9 /* LaunchScreen.storyboard */; };
		E86450FD2434520500E3B4C9 /* TapApplePayStatus.swift in Sources */ = {isa = PBXBuildFile; fileRef = E86450FC2434520500E3B4C9 /* TapApplePayStatus.swift */; };
		E86451002434539A00E3B4C9 /* TapApplePay.swift in Sources */ = {isa = PBXBuildFile; fileRef = E86450FF2434539A00E3B4C9 /* TapApplePay.swift */; };
		E86451022434552E00E3B4C9 /* TapApplePayPaymentNetwork.swift in Sources */ = {isa = PBXBuildFile; fileRef = E86451012434552E00E3B4C9 /* TapApplePayPaymentNetwork.swift */; };
		E86451052434726A00E3B4C9 /* TapApplePayButtonType.swift in Sources */ = {isa = PBXBuildFile; fileRef = E86451042434726A00E3B4C9 /* TapApplePayButtonType.swift */; };
		E8645107243499E800E3B4C9 /* TapApplePayButton.swift in Sources */ = {isa = PBXBuildFile; fileRef = E8645106243499E800E3B4C9 /* TapApplePayButton.swift */; };
		E86451092434A9E200E3B4C9 /* TapCountryCode.swift in Sources */ = {isa = PBXBuildFile; fileRef = E86451082434A9E200E3B4C9 /* TapCountryCode.swift */; };
		E864510C2434AD6E00E3B4C9 /* TapApplePayRequest.swift in Sources */ = {isa = PBXBuildFile; fileRef = E864510B2434AD6E00E3B4C9 /* TapApplePayRequest.swift */; };
		E864510F2435A6C500E3B4C9 /* TapApplePayToken.swift in Sources */ = {isa = PBXBuildFile; fileRef = E864510E2435A6C500E3B4C9 /* TapApplePayToken.swift */; };
		E86451112435B8B900E3B4C9 /* TapCurrencyCode.swift in Sources */ = {isa = PBXBuildFile; fileRef = E86451102435B8B900E3B4C9 /* TapCurrencyCode.swift */; };
/* End PBXBuildFile section */

/* Begin PBXFileReference section */
		E86450D52433BC2E00E3B4C9 /* TapApplePayKit_iOS.framework */ = {isa = PBXFileReference; explicitFileType = wrapper.framework; includeInIndex = 0; path = TapApplePayKit_iOS.framework; sourceTree = BUILT_PRODUCTS_DIR; };
		E86450D82433BC2E00E3B4C9 /* TapApplePayKit_iOS.h */ = {isa = PBXFileReference; lastKnownFileType = sourcecode.c.h; path = TapApplePayKit_iOS.h; sourceTree = "<group>"; };
		E86450D92433BC2E00E3B4C9 /* Info.plist */ = {isa = PBXFileReference; lastKnownFileType = text.plist.xml; path = Info.plist; sourceTree = "<group>"; };
		E86450E42433BC6300E3B4C9 /* TapApplePayKit-Example.app */ = {isa = PBXFileReference; explicitFileType = wrapper.application; includeInIndex = 0; path = "TapApplePayKit-Example.app"; sourceTree = BUILT_PRODUCTS_DIR; };
		E86450E62433BC6300E3B4C9 /* AppDelegate.swift */ = {isa = PBXFileReference; lastKnownFileType = sourcecode.swift; path = AppDelegate.swift; sourceTree = "<group>"; };
		E86450E82433BC6300E3B4C9 /* SceneDelegate.swift */ = {isa = PBXFileReference; lastKnownFileType = sourcecode.swift; path = SceneDelegate.swift; sourceTree = "<group>"; };
		E86450EA2433BC6300E3B4C9 /* ViewController.swift */ = {isa = PBXFileReference; lastKnownFileType = sourcecode.swift; path = ViewController.swift; sourceTree = "<group>"; };
		E86450ED2433BC6300E3B4C9 /* Base */ = {isa = PBXFileReference; lastKnownFileType = file.storyboard; name = Base; path = Base.lproj/Main.storyboard; sourceTree = "<group>"; };
		E86450EF2433BC6400E3B4C9 /* Assets.xcassets */ = {isa = PBXFileReference; lastKnownFileType = folder.assetcatalog; path = Assets.xcassets; sourceTree = "<group>"; };
		E86450F22433BC6400E3B4C9 /* Base */ = {isa = PBXFileReference; lastKnownFileType = file.storyboard; name = Base; path = Base.lproj/LaunchScreen.storyboard; sourceTree = "<group>"; };
		E86450F42433BC6400E3B4C9 /* Info.plist */ = {isa = PBXFileReference; lastKnownFileType = text.plist.xml; path = Info.plist; sourceTree = "<group>"; };
		E86450FC2434520500E3B4C9 /* TapApplePayStatus.swift */ = {isa = PBXFileReference; lastKnownFileType = sourcecode.swift; path = TapApplePayStatus.swift; sourceTree = "<group>"; };
		E86450FF2434539A00E3B4C9 /* TapApplePay.swift */ = {isa = PBXFileReference; lastKnownFileType = sourcecode.swift; path = TapApplePay.swift; sourceTree = "<group>"; };
		E86451012434552E00E3B4C9 /* TapApplePayPaymentNetwork.swift */ = {isa = PBXFileReference; lastKnownFileType = sourcecode.swift; path = TapApplePayPaymentNetwork.swift; sourceTree = "<group>"; };
		E86451042434726A00E3B4C9 /* TapApplePayButtonType.swift */ = {isa = PBXFileReference; lastKnownFileType = sourcecode.swift; path = TapApplePayButtonType.swift; sourceTree = "<group>"; };
		E8645106243499E800E3B4C9 /* TapApplePayButton.swift */ = {isa = PBXFileReference; lastKnownFileType = sourcecode.swift; path = TapApplePayButton.swift; sourceTree = "<group>"; };
		E86451082434A9E200E3B4C9 /* TapCountryCode.swift */ = {isa = PBXFileReference; fileEncoding = 4; lastKnownFileType = sourcecode.swift; path = TapCountryCode.swift; sourceTree = "<group>"; };
		E864510B2434AD6E00E3B4C9 /* TapApplePayRequest.swift */ = {isa = PBXFileReference; lastKnownFileType = sourcecode.swift; path = TapApplePayRequest.swift; sourceTree = "<group>"; };
		E864510E2435A6C500E3B4C9 /* TapApplePayToken.swift */ = {isa = PBXFileReference; lastKnownFileType = sourcecode.swift; path = TapApplePayToken.swift; sourceTree = "<group>"; };
		E86451102435B8B900E3B4C9 /* TapCurrencyCode.swift */ = {isa = PBXFileReference; lastKnownFileType = sourcecode.swift; path = TapCurrencyCode.swift; sourceTree = "<group>"; };
		E86451122435C0CA00E3B4C9 /* TapApplePayKit-Example.entitlements */ = {isa = PBXFileReference; lastKnownFileType = text.plist.entitlements; path = "TapApplePayKit-Example.entitlements"; sourceTree = "<group>"; };
/* End PBXFileReference section */

/* Begin PBXFrameworksBuildPhase section */
		E86450D22433BC2E00E3B4C9 /* Frameworks */ = {
			isa = PBXFrameworksBuildPhase;
			buildActionMask = 2147483647;
			files = (
			);
			runOnlyForDeploymentPostprocessing = 0;
		};
		E86450E12433BC6300E3B4C9 /* Frameworks */ = {
			isa = PBXFrameworksBuildPhase;
			buildActionMask = 2147483647;
			files = (
			);
			runOnlyForDeploymentPostprocessing = 0;
		};
/* End PBXFrameworksBuildPhase section */

/* Begin PBXGroup section */
		E86450CB2433BC2E00E3B4C9 = {
			isa = PBXGroup;
			children = (
				E86450D72433BC2E00E3B4C9 /* TapApplePayKit-iOS */,
				E86450E52433BC6300E3B4C9 /* TapApplePayKit-Example */,
				E86450D62433BC2E00E3B4C9 /* Products */,
			);
			sourceTree = "<group>";
		};
		E86450D62433BC2E00E3B4C9 /* Products */ = {
			isa = PBXGroup;
			children = (
				E86450D52433BC2E00E3B4C9 /* TapApplePayKit_iOS.framework */,
				E86450E42433BC6300E3B4C9 /* TapApplePayKit-Example.app */,
			);
			name = Products;
			sourceTree = "<group>";
		};
		E86450D72433BC2E00E3B4C9 /* TapApplePayKit-iOS */ = {
			isa = PBXGroup;
			children = (
				E86450F82433BCFB00E3B4C9 /* Core */,
				E86450D82433BC2E00E3B4C9 /* TapApplePayKit_iOS.h */,
				E86450D92433BC2E00E3B4C9 /* Info.plist */,
			);
			path = "TapApplePayKit-iOS";
			sourceTree = "<group>";
		};
		E86450E52433BC6300E3B4C9 /* TapApplePayKit-Example */ = {
			isa = PBXGroup;
			children = (
				E86451122435C0CA00E3B4C9 /* TapApplePayKit-Example.entitlements */,
				E86450E62433BC6300E3B4C9 /* AppDelegate.swift */,
				E86450E82433BC6300E3B4C9 /* SceneDelegate.swift */,
				E86450EA2433BC6300E3B4C9 /* ViewController.swift */,
				E86450EC2433BC6300E3B4C9 /* Main.storyboard */,
				E86450EF2433BC6400E3B4C9 /* Assets.xcassets */,
				E86450F12433BC6400E3B4C9 /* LaunchScreen.storyboard */,
				E86450F42433BC6400E3B4C9 /* Info.plist */,
			);
			path = "TapApplePayKit-Example";
			sourceTree = "<group>";
		};
		E86450F82433BCFB00E3B4C9 /* Core */ = {
			isa = PBXGroup;
			children = (
				E86450FA2434517F00E3B4C9 /* private */,
				E86450F92434517600E3B4C9 /* public */,
			);
			path = Core;
			sourceTree = "<group>";
		};
		E86450F92434517600E3B4C9 /* public */ = {
			isa = PBXGroup;
			children = (
				E864510A2434AD6200E3B4C9 /* Models */,
				E86450FE243452FD00E3B4C9 /* Controllers */,
				E86450FB2434518400E3B4C9 /* enums */,
			);
			path = public;
			sourceTree = "<group>";
		};
		E86450FA2434517F00E3B4C9 /* private */ = {
			isa = PBXGroup;
			children = (
			);
			path = private;
			sourceTree = "<group>";
		};
		E86450FB2434518400E3B4C9 /* enums */ = {
			isa = PBXGroup;
			children = (
				E86451082434A9E200E3B4C9 /* TapCountryCode.swift */,
				E86450FC2434520500E3B4C9 /* TapApplePayStatus.swift */,
				E86451012434552E00E3B4C9 /* TapApplePayPaymentNetwork.swift */,
				E86451042434726A00E3B4C9 /* TapApplePayButtonType.swift */,
				E86451102435B8B900E3B4C9 /* TapCurrencyCode.swift */,
			);
			path = enums;
			sourceTree = "<group>";
		};
		E86450FE243452FD00E3B4C9 /* Controllers */ = {
			isa = PBXGroup;
			children = (
				E86450FF2434539A00E3B4C9 /* TapApplePay.swift */,
				E8645106243499E800E3B4C9 /* TapApplePayButton.swift */,
			);
			path = Controllers;
			sourceTree = "<group>";
		};
		E864510A2434AD6200E3B4C9 /* Models */ = {
			isa = PBXGroup;
			children = (
				E864510B2434AD6E00E3B4C9 /* TapApplePayRequest.swift */,
				E864510E2435A6C500E3B4C9 /* TapApplePayToken.swift */,
			);
			path = Models;
			sourceTree = "<group>";
		};
/* End PBXGroup section */

/* Begin PBXHeadersBuildPhase section */
		E86450D02433BC2E00E3B4C9 /* Headers */ = {
			isa = PBXHeadersBuildPhase;
			buildActionMask = 2147483647;
			files = (
				E86450DA2433BC2E00E3B4C9 /* TapApplePayKit_iOS.h in Headers */,
			);
			runOnlyForDeploymentPostprocessing = 0;
		};
/* End PBXHeadersBuildPhase section */

/* Begin PBXNativeTarget section */
		E86450D42433BC2E00E3B4C9 /* TapApplePayKit-iOS */ = {
			isa = PBXNativeTarget;
			buildConfigurationList = E86450DD2433BC2E00E3B4C9 /* Build configuration list for PBXNativeTarget "TapApplePayKit-iOS" */;
			buildPhases = (
				E86450D02433BC2E00E3B4C9 /* Headers */,
				E86450D12433BC2E00E3B4C9 /* Sources */,
				E86450D22433BC2E00E3B4C9 /* Frameworks */,
				E86450D32433BC2E00E3B4C9 /* Resources */,
			);
			buildRules = (
			);
			dependencies = (
			);
			name = "TapApplePayKit-iOS";
			productName = "TapApplePayKit-iOS";
			productReference = E86450D52433BC2E00E3B4C9 /* TapApplePayKit_iOS.framework */;
			productType = "com.apple.product-type.framework";
		};
		E86450E32433BC6300E3B4C9 /* TapApplePayKit-Example */ = {
			isa = PBXNativeTarget;
			buildConfigurationList = E86450F52433BC6400E3B4C9 /* Build configuration list for PBXNativeTarget "TapApplePayKit-Example" */;
			buildPhases = (
				E86450E02433BC6300E3B4C9 /* Sources */,
				E86450E12433BC6300E3B4C9 /* Frameworks */,
				E86450E22433BC6300E3B4C9 /* Resources */,
			);
			buildRules = (
			);
			dependencies = (
			);
			name = "TapApplePayKit-Example";
			productName = "TapApplePayKit-Example";
			productReference = E86450E42433BC6300E3B4C9 /* TapApplePayKit-Example.app */;
			productType = "com.apple.product-type.application";
		};
/* End PBXNativeTarget section */

/* Begin PBXProject section */
		E86450CC2433BC2E00E3B4C9 /* Project object */ = {
			isa = PBXProject;
			attributes = {
				LastSwiftUpdateCheck = 1120;
				LastUpgradeCheck = 1120;
				ORGANIZATIONNAME = "Tap Payments";
				TargetAttributes = {
					E86450D42433BC2E00E3B4C9 = {
						CreatedOnToolsVersion = 11.2.1;
						LastSwiftMigration = 1120;
					};
					E86450E32433BC6300E3B4C9 = {
						CreatedOnToolsVersion = 11.2.1;
					};
				};
			};
			buildConfigurationList = E86450CF2433BC2E00E3B4C9 /* Build configuration list for PBXProject "TapApplePayKit-iOS" */;
			compatibilityVersion = "Xcode 9.3";
			developmentRegion = en;
			hasScannedForEncodings = 0;
			knownRegions = (
				en,
				Base,
			);
			mainGroup = E86450CB2433BC2E00E3B4C9;
			productRefGroup = E86450D62433BC2E00E3B4C9 /* Products */;
			projectDirPath = "";
			projectRoot = "";
			targets = (
				E86450D42433BC2E00E3B4C9 /* TapApplePayKit-iOS */,
				E86450E32433BC6300E3B4C9 /* TapApplePayKit-Example */,
			);
		};
/* End PBXProject section */

/* Begin PBXResourcesBuildPhase section */
		E86450D32433BC2E00E3B4C9 /* Resources */ = {
			isa = PBXResourcesBuildPhase;
			buildActionMask = 2147483647;
			files = (
			);
			runOnlyForDeploymentPostprocessing = 0;
		};
		E86450E22433BC6300E3B4C9 /* Resources */ = {
			isa = PBXResourcesBuildPhase;
			buildActionMask = 2147483647;
			files = (
				E86450F32433BC6400E3B4C9 /* LaunchScreen.storyboard in Resources */,
				E86450F02433BC6400E3B4C9 /* Assets.xcassets in Resources */,
				E86450EE2433BC6300E3B4C9 /* Main.storyboard in Resources */,
			);
			runOnlyForDeploymentPostprocessing = 0;
		};
/* End PBXResourcesBuildPhase section */

/* Begin PBXSourcesBuildPhase section */
		E86450D12433BC2E00E3B4C9 /* Sources */ = {
			isa = PBXSourcesBuildPhase;
			buildActionMask = 2147483647;
			files = (
				E86451022434552E00E3B4C9 /* TapApplePayPaymentNetwork.swift in Sources */,
				E864510C2434AD6E00E3B4C9 /* TapApplePayRequest.swift in Sources */,
				E86451052434726A00E3B4C9 /* TapApplePayButtonType.swift in Sources */,
				E864510F2435A6C500E3B4C9 /* TapApplePayToken.swift in Sources */,
				E86450FD2434520500E3B4C9 /* TapApplePayStatus.swift in Sources */,
				E86451002434539A00E3B4C9 /* TapApplePay.swift in Sources */,
				E86451092434A9E200E3B4C9 /* TapCountryCode.swift in Sources */,
				E86451112435B8B900E3B4C9 /* TapCurrencyCode.swift in Sources */,
				E8645107243499E800E3B4C9 /* TapApplePayButton.swift in Sources */,
			);
			runOnlyForDeploymentPostprocessing = 0;
		};
		E86450E02433BC6300E3B4C9 /* Sources */ = {
			isa = PBXSourcesBuildPhase;
			buildActionMask = 2147483647;
			files = (
				E86450EB2433BC6300E3B4C9 /* ViewController.swift in Sources */,
				E86450E72433BC6300E3B4C9 /* AppDelegate.swift in Sources */,
				E86450E92433BC6300E3B4C9 /* SceneDelegate.swift in Sources */,
			);
			runOnlyForDeploymentPostprocessing = 0;
		};
/* End PBXSourcesBuildPhase section */

/* Begin PBXVariantGroup section */
		E86450EC2433BC6300E3B4C9 /* Main.storyboard */ = {
			isa = PBXVariantGroup;
			children = (
				E86450ED2433BC6300E3B4C9 /* Base */,
			);
			name = Main.storyboard;
			sourceTree = "<group>";
		};
		E86450F12433BC6400E3B4C9 /* LaunchScreen.storyboard */ = {
			isa = PBXVariantGroup;
			children = (
				E86450F22433BC6400E3B4C9 /* Base */,
			);
			name = LaunchScreen.storyboard;
			sourceTree = "<group>";
		};
/* End PBXVariantGroup section */

/* Begin XCBuildConfiguration section */
		E86450DB2433BC2E00E3B4C9 /* Debug */ = {
			isa = XCBuildConfiguration;
			buildSettings = {
				ALWAYS_SEARCH_USER_PATHS = NO;
				CLANG_ANALYZER_NONNULL = YES;
				CLANG_ANALYZER_NUMBER_OBJECT_CONVERSION = YES_AGGRESSIVE;
				CLANG_CXX_LANGUAGE_STANDARD = "gnu++14";
				CLANG_CXX_LIBRARY = "libc++";
				CLANG_ENABLE_MODULES = YES;
				CLANG_ENABLE_OBJC_ARC = YES;
				CLANG_ENABLE_OBJC_WEAK = YES;
				CLANG_WARN_BLOCK_CAPTURE_AUTORELEASING = YES;
				CLANG_WARN_BOOL_CONVERSION = YES;
				CLANG_WARN_COMMA = YES;
				CLANG_WARN_CONSTANT_CONVERSION = YES;
				CLANG_WARN_DEPRECATED_OBJC_IMPLEMENTATIONS = YES;
				CLANG_WARN_DIRECT_OBJC_ISA_USAGE = YES_ERROR;
				CLANG_WARN_DOCUMENTATION_COMMENTS = YES;
				CLANG_WARN_EMPTY_BODY = YES;
				CLANG_WARN_ENUM_CONVERSION = YES;
				CLANG_WARN_INFINITE_RECURSION = YES;
				CLANG_WARN_INT_CONVERSION = YES;
				CLANG_WARN_NON_LITERAL_NULL_CONVERSION = YES;
				CLANG_WARN_OBJC_IMPLICIT_RETAIN_SELF = YES;
				CLANG_WARN_OBJC_LITERAL_CONVERSION = YES;
				CLANG_WARN_OBJC_ROOT_CLASS = YES_ERROR;
				CLANG_WARN_RANGE_LOOP_ANALYSIS = YES;
				CLANG_WARN_STRICT_PROTOTYPES = YES;
				CLANG_WARN_SUSPICIOUS_MOVE = YES;
				CLANG_WARN_UNGUARDED_AVAILABILITY = YES_AGGRESSIVE;
				CLANG_WARN_UNREACHABLE_CODE = YES;
				CLANG_WARN__DUPLICATE_METHOD_MATCH = YES;
				COPY_PHASE_STRIP = NO;
				CURRENT_PROJECT_VERSION = 1;
				DEBUG_INFORMATION_FORMAT = dwarf;
				ENABLE_STRICT_OBJC_MSGSEND = YES;
				ENABLE_TESTABILITY = YES;
				GCC_C_LANGUAGE_STANDARD = gnu11;
				GCC_DYNAMIC_NO_PIC = NO;
				GCC_NO_COMMON_BLOCKS = YES;
				GCC_OPTIMIZATION_LEVEL = 0;
				GCC_PREPROCESSOR_DEFINITIONS = (
					"DEBUG=1",
					"$(inherited)",
				);
				GCC_WARN_64_TO_32_BIT_CONVERSION = YES;
				GCC_WARN_ABOUT_RETURN_TYPE = YES_ERROR;
				GCC_WARN_UNDECLARED_SELECTOR = YES;
				GCC_WARN_UNINITIALIZED_AUTOS = YES_AGGRESSIVE;
				GCC_WARN_UNUSED_FUNCTION = YES;
				GCC_WARN_UNUSED_VARIABLE = YES;
				IPHONEOS_DEPLOYMENT_TARGET = 12.0;
				MTL_ENABLE_DEBUG_INFO = INCLUDE_SOURCE;
				MTL_FAST_MATH = YES;
				ONLY_ACTIVE_ARCH = YES;
				SDKROOT = iphoneos;
				SWIFT_ACTIVE_COMPILATION_CONDITIONS = DEBUG;
				SWIFT_OPTIMIZATION_LEVEL = "-Onone";
				VERSIONING_SYSTEM = "apple-generic";
				VERSION_INFO_PREFIX = "";
			};
			name = Debug;
		};
		E86450DC2433BC2E00E3B4C9 /* Release */ = {
			isa = XCBuildConfiguration;
			buildSettings = {
				ALWAYS_SEARCH_USER_PATHS = NO;
				CLANG_ANALYZER_NONNULL = YES;
				CLANG_ANALYZER_NUMBER_OBJECT_CONVERSION = YES_AGGRESSIVE;
				CLANG_CXX_LANGUAGE_STANDARD = "gnu++14";
				CLANG_CXX_LIBRARY = "libc++";
				CLANG_ENABLE_MODULES = YES;
				CLANG_ENABLE_OBJC_ARC = YES;
				CLANG_ENABLE_OBJC_WEAK = YES;
				CLANG_WARN_BLOCK_CAPTURE_AUTORELEASING = YES;
				CLANG_WARN_BOOL_CONVERSION = YES;
				CLANG_WARN_COMMA = YES;
				CLANG_WARN_CONSTANT_CONVERSION = YES;
				CLANG_WARN_DEPRECATED_OBJC_IMPLEMENTATIONS = YES;
				CLANG_WARN_DIRECT_OBJC_ISA_USAGE = YES_ERROR;
				CLANG_WARN_DOCUMENTATION_COMMENTS = YES;
				CLANG_WARN_EMPTY_BODY = YES;
				CLANG_WARN_ENUM_CONVERSION = YES;
				CLANG_WARN_INFINITE_RECURSION = YES;
				CLANG_WARN_INT_CONVERSION = YES;
				CLANG_WARN_NON_LITERAL_NULL_CONVERSION = YES;
				CLANG_WARN_OBJC_IMPLICIT_RETAIN_SELF = YES;
				CLANG_WARN_OBJC_LITERAL_CONVERSION = YES;
				CLANG_WARN_OBJC_ROOT_CLASS = YES_ERROR;
				CLANG_WARN_RANGE_LOOP_ANALYSIS = YES;
				CLANG_WARN_STRICT_PROTOTYPES = YES;
				CLANG_WARN_SUSPICIOUS_MOVE = YES;
				CLANG_WARN_UNGUARDED_AVAILABILITY = YES_AGGRESSIVE;
				CLANG_WARN_UNREACHABLE_CODE = YES;
				CLANG_WARN__DUPLICATE_METHOD_MATCH = YES;
				COPY_PHASE_STRIP = NO;
				CURRENT_PROJECT_VERSION = 1;
				DEBUG_INFORMATION_FORMAT = "dwarf-with-dsym";
				ENABLE_NS_ASSERTIONS = NO;
				ENABLE_STRICT_OBJC_MSGSEND = YES;
				GCC_C_LANGUAGE_STANDARD = gnu11;
				GCC_NO_COMMON_BLOCKS = YES;
				GCC_WARN_64_TO_32_BIT_CONVERSION = YES;
				GCC_WARN_ABOUT_RETURN_TYPE = YES_ERROR;
				GCC_WARN_UNDECLARED_SELECTOR = YES;
				GCC_WARN_UNINITIALIZED_AUTOS = YES_AGGRESSIVE;
				GCC_WARN_UNUSED_FUNCTION = YES;
				GCC_WARN_UNUSED_VARIABLE = YES;
				IPHONEOS_DEPLOYMENT_TARGET = 12.0;
				MTL_ENABLE_DEBUG_INFO = NO;
				MTL_FAST_MATH = YES;
				SDKROOT = iphoneos;
				SWIFT_COMPILATION_MODE = wholemodule;
				SWIFT_OPTIMIZATION_LEVEL = "-O";
				VALIDATE_PRODUCT = YES;
				VERSIONING_SYSTEM = "apple-generic";
				VERSION_INFO_PREFIX = "";
			};
			name = Release;
		};
		E86450DE2433BC2E00E3B4C9 /* Debug */ = {
			isa = XCBuildConfiguration;
			buildSettings = {
				CLANG_ENABLE_MODULES = YES;
				CODE_SIGN_STYLE = Automatic;
				DEFINES_MODULE = YES;
				DEVELOPMENT_TEAM = G46S76PUH4;
				DYLIB_COMPATIBILITY_VERSION = 1;
				DYLIB_CURRENT_VERSION = 1;
				DYLIB_INSTALL_NAME_BASE = "@rpath";
				INFOPLIST_FILE = "TapApplePayKit-iOS/Info.plist";
				INSTALL_PATH = "$(LOCAL_LIBRARY_DIR)/Frameworks";
				IPHONEOS_DEPLOYMENT_TARGET = 12.0;
				LD_RUNPATH_SEARCH_PATHS = (
					"$(inherited)",
					"@executable_path/Frameworks",
					"@loader_path/Frameworks",
				);
				PRODUCT_BUNDLE_IDENTIFIER = "company.tap.TapApplePayKit-iOS";
				PRODUCT_NAME = "$(TARGET_NAME:c99extidentifier)";
				SKIP_INSTALL = YES;
				SWIFT_OPTIMIZATION_LEVEL = "-Onone";
				SWIFT_VERSION = 5.0;
				TARGETED_DEVICE_FAMILY = "1,2";
			};
			name = Debug;
		};
		E86450DF2433BC2E00E3B4C9 /* Release */ = {
			isa = XCBuildConfiguration;
			buildSettings = {
				CLANG_ENABLE_MODULES = YES;
				CODE_SIGN_STYLE = Automatic;
				DEFINES_MODULE = YES;
				DEVELOPMENT_TEAM = G46S76PUH4;
				DYLIB_COMPATIBILITY_VERSION = 1;
				DYLIB_CURRENT_VERSION = 1;
				DYLIB_INSTALL_NAME_BASE = "@rpath";
				INFOPLIST_FILE = "TapApplePayKit-iOS/Info.plist";
				INSTALL_PATH = "$(LOCAL_LIBRARY_DIR)/Frameworks";
				IPHONEOS_DEPLOYMENT_TARGET = 12.0;
				LD_RUNPATH_SEARCH_PATHS = (
					"$(inherited)",
					"@executable_path/Frameworks",
					"@loader_path/Frameworks",
				);
				PRODUCT_BUNDLE_IDENTIFIER = "company.tap.TapApplePayKit-iOS";
				PRODUCT_NAME = "$(TARGET_NAME:c99extidentifier)";
				SKIP_INSTALL = YES;
				SWIFT_VERSION = 5.0;
				TARGETED_DEVICE_FAMILY = "1,2";
			};
			name = Release;
		};
		E86450F62433BC6400E3B4C9 /* Debug */ = {
			isa = XCBuildConfiguration;
			buildSettings = {
				ASSETCATALOG_COMPILER_APPICON_NAME = AppIcon;
				CODE_SIGN_ENTITLEMENTS = "TapApplePayKit-Example/TapApplePayKit-Example.entitlements";
				CODE_SIGN_STYLE = Automatic;
				DEVELOPMENT_TEAM = G46S76PUH4;
				INFOPLIST_FILE = "TapApplePayKit-Example/Info.plist";
				IPHONEOS_DEPLOYMENT_TARGET = 12.0;
				LD_RUNPATH_SEARCH_PATHS = (
					"$(inherited)",
					"@executable_path/Frameworks",
				);
				PRODUCT_BUNDLE_IDENTIFIER = "company.tap.TapApplePayKit-Example";
				PRODUCT_NAME = "$(TARGET_NAME)";
				SWIFT_VERSION = 5.0;
				TARGETED_DEVICE_FAMILY = "1,2";
			};
			name = Debug;
		};
		E86450F72433BC6400E3B4C9 /* Release */ = {
			isa = XCBuildConfiguration;
			buildSettings = {
				ASSETCATALOG_COMPILER_APPICON_NAME = AppIcon;
				CODE_SIGN_ENTITLEMENTS = "TapApplePayKit-Example/TapApplePayKit-Example.entitlements";
				CODE_SIGN_STYLE = Automatic;
				DEVELOPMENT_TEAM = G46S76PUH4;
				INFOPLIST_FILE = "TapApplePayKit-Example/Info.plist";
				IPHONEOS_DEPLOYMENT_TARGET = 12.0;
				LD_RUNPATH_SEARCH_PATHS = (
					"$(inherited)",
					"@executable_path/Frameworks",
				);
				PRODUCT_BUNDLE_IDENTIFIER = "company.tap.TapApplePayKit-Example";
				PRODUCT_NAME = "$(TARGET_NAME)";
				SWIFT_VERSION = 5.0;
				TARGETED_DEVICE_FAMILY = "1,2";
			};
			name = Release;
		};
/* End XCBuildConfiguration section */

/* Begin XCConfigurationList section */
		E86450CF2433BC2E00E3B4C9 /* Build configuration list for PBXProject "TapApplePayKit-iOS" */ = {
			isa = XCConfigurationList;
			buildConfigurations = (
				E86450DB2433BC2E00E3B4C9 /* Debug */,
				E86450DC2433BC2E00E3B4C9 /* Release */,
			);
			defaultConfigurationIsVisible = 0;
			defaultConfigurationName = Release;
		};
		E86450DD2433BC2E00E3B4C9 /* Build configuration list for PBXNativeTarget "TapApplePayKit-iOS" */ = {
			isa = XCConfigurationList;
			buildConfigurations = (
				E86450DE2433BC2E00E3B4C9 /* Debug */,
				E86450DF2433BC2E00E3B4C9 /* Release */,
			);
			defaultConfigurationIsVisible = 0;
			defaultConfigurationName = Release;
		};
		E86450F52433BC6400E3B4C9 /* Build configuration list for PBXNativeTarget "TapApplePayKit-Example" */ = {
			isa = XCConfigurationList;
			buildConfigurations = (
				E86450F62433BC6400E3B4C9 /* Debug */,
				E86450F72433BC6400E3B4C9 /* Release */,
			);
			defaultConfigurationIsVisible = 0;
			defaultConfigurationName = Release;
		};
/* End XCConfigurationList section */
	};
	rootObject = E86450CC2433BC2E00E3B4C9 /* Project object */;
}
